
Microsoft Visual Studio Solution File, Format Version 12.00
# Visual Studio Version 16
VisualStudioVersion = 16.0.31025.194
MinimumVisualStudioVersion = 10.0.40219.1
Project("{9A19103F-16F7-4668-BE54-9A1E7A4F7556}") = "BookListRazorPages", "BookListRazorPages.csproj", "{EB2FA969-906F-4809-A403-63CADFEFF2CD}"
EndProject
Global
	GlobalSection(SolutionConfigurationPlatforms) = preSolution
		Debug|Any CPU = Debug|Any CPU
		Release|Any CPU = Release|Any CPU
	EndGlobalSection
	GlobalSection(ProjectConfigurationPlatforms) = postSolution
		{EB2FA969-906F-4809-A403-63CADFEFF2CD}.Debug|Any CPU.ActiveCfg = Debug|Any CPU
		{EB2FA969-906F-4809-A403-63CADFEFF2CD}.Debug|Any CPU.Build.0 = Debug|Any CPU
		{EB2FA969-906F-4809-A403-63CADFEFF2CD}.Release|Any CPU.ActiveCfg = Release|Any CPU
		{EB2FA969-906F-4809-A403-63CADFEFF2CD}.Release|Any CPU.Build.0 = Release|Any CPU
	EndGlobalSection
	GlobalSection(SolutionProperties) = preSolution
		HideSolutionNode = FALSE
	EndGlobalSection
	GlobalSection(ExtensibilityGlobals) = postSolution
		SolutionGuid = {76277825-98A9-4593-8A43-26D5E563BA9A}
	EndGlobalSection
EndGlobal
